
Microsoft Visual Studio Solution File, Format Version 11.00
# Visual Studio 2010
Project("{8BC9CEB8-8B4A-11D0-8D11-00A0C91BC942}") = "BATPackage", "BATPackage\BATPackage.vcxproj", "{ED2F10FD-8727-473F-B08B-4D075BB29508}"
EndProject
Global
	GlobalSection(SolutionConfigurationPlatforms) = preSolution
		Debug|Win32 = Debug|Win32
		Release|Win32 = Release|Win32
	EndGlobalSection
	GlobalSection(ProjectConfigurationPlatforms) = postSolution
		{ED2F10FD-8727-473F-B08B-4D075BB29508}.Debug|Win32.ActiveCfg = Debug|Win32
		{ED2F10FD-8727-473F-B08B-4D075BB29508}.Debug|Win32.Build.0 = Debug|Win32
		{ED2F10FD-8727-473F-B08B-4D075BB29508}.Release|Win32.ActiveCfg = Release|Win32
		{ED2F10FD-8727-473F-B08B-4D075BB29508}.Release|Win32.Build.0 = Release|Win32
	EndGlobalSection
	GlobalSection(SolutionProperties) = preSolution
		HideSolutionNode = FALSE
	EndGlobalSection
EndGlobal
